// !$*UTF8*$!
{
	archiveVersion = 1;
	classes = {
	};
	objectVersion = 46;
	objects = {

/* Begin PBXBuildFile section */
		818C55291AF6D44A00889F34 /* AppDelegate.swift in Sources */ = {isa = PBXBuildFile; fileRef = 818C55281AF6D44A00889F34 /* AppDelegate.swift */; };
		818C552C1AF6D44A00889F34 /* OpenFlame.xcdatamodeld in Sources */ = {isa = PBXBuildFile; fileRef = 818C552A1AF6D44A00889F34 /* OpenFlame.xcdatamodeld */; };
		818C552E1AF6D44A00889F34 /* ViewController.swift in Sources */ = {isa = PBXBuildFile; fileRef = 818C552D1AF6D44A00889F34 /* ViewController.swift */; };
		818C55311AF6D44A00889F34 /* Main.storyboard in Resources */ = {isa = PBXBuildFile; fileRef = 818C552F1AF6D44A00889F34 /* Main.storyboard */; };
		818C55331AF6D44A00889F34 /* Images.xcassets in Resources */ = {isa = PBXBuildFile; fileRef = 818C55321AF6D44A00889F34 /* Images.xcassets */; };
		818C55361AF6D44A00889F34 /* LaunchScreen.xib in Resources */ = {isa = PBXBuildFile; fileRef = 818C55341AF6D44A00889F34 /* LaunchScreen.xib */; };
		818C55421AF6D44A00889F34 /* OpenFlameTests.swift in Sources */ = {isa = PBXBuildFile; fileRef = 818C55411AF6D44A00889F34 /* OpenFlameTests.swift */; };
/* End PBXBuildFile section */

/* Begin PBXContainerItemProxy section */
		818C553C1AF6D44A00889F34 /* PBXContainerItemProxy */ = {
			isa = PBXContainerItemProxy;
			containerPortal = 818C551B1AF6D44A00889F34 /* Project object */;
			proxyType = 1;
			remoteGlobalIDString = 818C55221AF6D44A00889F34;
			remoteInfo = OpenFlame;
		};
/* End PBXContainerItemProxy section */

/* Begin PBXFileReference section */
		818C55231AF6D44A00889F34 /* OpenFlame.app */ = {isa = PBXFileReference; explicitFileType = wrapper.application; includeInIndex = 0; path = OpenFlame.app; sourceTree = BUILT_PRODUCTS_DIR; };
		818C55271AF6D44A00889F34 /* Info.plist */ = {isa = PBXFileReference; lastKnownFileType = text.plist.xml; path = Info.plist; sourceTree = "<group>"; };
		818C55281AF6D44A00889F34 /* AppDelegate.swift */ = {isa = PBXFileReference; lastKnownFileType = sourcecode.swift; path = AppDelegate.swift; sourceTree = "<group>"; };
		818C552B1AF6D44A00889F34 /* OpenFlame.xcdatamodel */ = {isa = PBXFileReference; lastKnownFileType = wrapper.xcdatamodel; path = OpenFlame.xcdatamodel; sourceTree = "<group>"; };
		818C552D1AF6D44A00889F34 /* ViewController.swift */ = {isa = PBXFileReference; lastKnownFileType = sourcecode.swift; path = ViewController.swift; sourceTree = "<group>"; };
		818C55301AF6D44A00889F34 /* Base */ = {isa = PBXFileReference; lastKnownFileType = file.storyboard; name = Base; path = Base.lproj/Main.storyboard; sourceTree = "<group>"; };
		818C55321AF6D44A00889F34 /* Images.xcassets */ = {isa = PBXFileReference; lastKnownFileType = folder.assetcatalog; path = Images.xcassets; sourceTree = "<group>"; };
		818C55351AF6D44A00889F34 /* Base */ = {isa = PBXFileReference; lastKnownFileType = file.xib; name = Base; path = Base.lproj/LaunchScreen.xib; sourceTree = "<group>"; };
		818C553B1AF6D44A00889F34 /* OpenFlameTests.xctest */ = {isa = PBXFileReference; explicitFileType = wrapper.cfbundle; includeInIndex = 0; path = OpenFlameTests.xctest; sourceTree = BUILT_PRODUCTS_DIR; };
		818C55401AF6D44A00889F34 /* Info.plist */ = {isa = PBXFileReference; lastKnownFileType = text.plist.xml; path = Info.plist; sourceTree = "<group>"; };
		818C55411AF6D44A00889F34 /* OpenFlameTests.swift */ = {isa = PBXFileReference; lastKnownFileType = sourcecode.swift; path = OpenFlameTests.swift; sourceTree = "<group>"; };
/* End PBXFileReference section */

/* Begin PBXFrameworksBuildPhase section */
		818C55201AF6D44A00889F34 /* Frameworks */ = {
			isa = PBXFrameworksBuildPhase;
			buildActionMask = 2147483647;
			files = (
			);
			runOnlyForDeploymentPostprocessing = 0;
		};
		818C55381AF6D44A00889F34 /* Frameworks */ = {
			isa = PBXFrameworksBuildPhase;
			buildActionMask = 2147483647;
			files = (
			);
			runOnlyForDeploymentPostprocessing = 0;
		};
/* End PBXFrameworksBuildPhase section */

/* Begin PBXGroup section */
		818C551A1AF6D44A00889F34 = {
			isa = PBXGroup;
			children = (
				818C55251AF6D44A00889F34 /* OpenFlame */,
				818C553E1AF6D44A00889F34 /* OpenFlameTests */,
				818C55241AF6D44A00889F34 /* Products */,
			);
			sourceTree = "<group>";
		};
		818C55241AF6D44A00889F34 /* Products */ = {
			isa = PBXGroup;
			children = (
				818C55231AF6D44A00889F34 /* OpenFlame.app */,
				818C553B1AF6D44A00889F34 /* OpenFlameTests.xctest */,
			);
			name = Products;
			sourceTree = "<group>";
		};
		818C55251AF6D44A00889F34 /* OpenFlame */ = {
			isa = PBXGroup;
			children = (
				818C55281AF6D44A00889F34 /* AppDelegate.swift */,
				818C552D1AF6D44A00889F34 /* ViewController.swift */,
				818C552F1AF6D44A00889F34 /* Main.storyboard */,
				818C55321AF6D44A00889F34 /* Images.xcassets */,
				818C55341AF6D44A00889F34 /* LaunchScreen.xib */,
				818C552A1AF6D44A00889F34 /* OpenFlame.xcdatamodeld */,
				818C55261AF6D44A00889F34 /* Supporting Files */,
			);
			path = OpenFlame;
			sourceTree = "<group>";
		};
		818C55261AF6D44A00889F34 /* Supporting Files */ = {
			isa = PBXGroup;
			children = (
				818C55271AF6D44A00889F34 /* Info.plist */,
			);
			name = "Supporting Files";
			sourceTree = "<group>";
		};
		818C553E1AF6D44A00889F34 /* OpenFlameTests */ = {
			isa = PBXGroup;
			children = (
				818C55411AF6D44A00889F34 /* OpenFlameTests.swift */,
				818C553F1AF6D44A00889F34 /* Supporting Files */,
			);
			path = OpenFlameTests;
			sourceTree = "<group>";
		};
		818C553F1AF6D44A00889F34 /* Supporting Files */ = {
			isa = PBXGroup;
			children = (
				818C55401AF6D44A00889F34 /* Info.plist */,
			);
			name = "Supporting Files";
			sourceTree = "<group>";
		};
/* End PBXGroup section */

/* Begin PBXNativeTarget section */
		818C55221AF6D44A00889F34 /* OpenFlame */ = {
			isa = PBXNativeTarget;
			buildConfigurationList = 818C55451AF6D44A00889F34 /* Build configuration list for PBXNativeTarget "OpenFlame" */;
			buildPhases = (
				818C551F1AF6D44A00889F34 /* Sources */,
				818C55201AF6D44A00889F34 /* Frameworks */,
				818C55211AF6D44A00889F34 /* Resources */,
			);
			buildRules = (
			);
			dependencies = (
			);
			name = OpenFlame;
			productName = OpenFlame;
			productReference = 818C55231AF6D44A00889F34 /* OpenFlame.app */;
			productType = "com.apple.product-type.application";
		};
		818C553A1AF6D44A00889F34 /* OpenFlameTests */ = {
			isa = PBXNativeTarget;
			buildConfigurationList = 818C55481AF6D44A00889F34 /* Build configuration list for PBXNativeTarget "OpenFlameTests" */;
			buildPhases = (
				818C55371AF6D44A00889F34 /* Sources */,
				818C55381AF6D44A00889F34 /* Frameworks */,
				818C55391AF6D44A00889F34 /* Resources */,
			);
			buildRules = (
			);
			dependencies = (
				818C553D1AF6D44A00889F34 /* PBXTargetDependency */,
			);
			name = OpenFlameTests;
			productName = OpenFlameTests;
			productReference = 818C553B1AF6D44A00889F34 /* OpenFlameTests.xctest */;
			productType = "com.apple.product-type.bundle.unit-test";
		};
/* End PBXNativeTarget section */

/* Begin PBXProject section */
		818C551B1AF6D44A00889F34 /* Project object */ = {
			isa = PBXProject;
			attributes = {
				LastUpgradeCheck = 0630;
				ORGANIZATIONNAME = erorumsoftware;
				TargetAttributes = {
					818C55221AF6D44A00889F34 = {
						CreatedOnToolsVersion = 6.3.1;
					};
					818C553A1AF6D44A00889F34 = {
						CreatedOnToolsVersion = 6.3.1;
						TestTargetID = 818C55221AF6D44A00889F34;
					};
				};
			};
			buildConfigurationList = 818C551E1AF6D44A00889F34 /* Build configuration list for PBXProject "OpenFlame" */;
			compatibilityVersion = "Xcode 3.2";
			developmentRegion = English;
			hasScannedForEncodings = 0;
			knownRegions = (
				en,
				Base,
			);
			mainGroup = 818C551A1AF6D44A00889F34;
			productRefGroup = 818C55241AF6D44A00889F34 /* Products */;
			projectDirPath = "";
			projectRoot = "";
			targets = (
				818C55221AF6D44A00889F34 /* OpenFlame */,
				818C553A1AF6D44A00889F34 /* OpenFlameTests */,
			);
		};
/* End PBXProject section */

/* Begin PBXResourcesBuildPhase section */
		818C55211AF6D44A00889F34 /* Resources */ = {
			isa = PBXResourcesBuildPhase;
			buildActionMask = 2147483647;
			files = (
				818C55311AF6D44A00889F34 /* Main.storyboard in Resources */,
				818C55361AF6D44A00889F34 /* LaunchScreen.xib in Resources */,
				818C55331AF6D44A00889F34 /* Images.xcassets in Resources */,
			);
			runOnlyForDeploymentPostprocessing = 0;
		};
		818C55391AF6D44A00889F34 /* Resources */ = {
			isa = PBXResourcesBuildPhase;
			buildActionMask = 2147483647;
			files = (
			);
			runOnlyForDeploymentPostprocessing = 0;
		};
/* End PBXResourcesBuildPhase section */

/* Begin PBXSourcesBuildPhase section */
		818C551F1AF6D44A00889F34 /* Sources */ = {
			isa = PBXSourcesBuildPhase;
			buildActionMask = 2147483647;
			files = (
				818C552E1AF6D44A00889F34 /* ViewController.swift in Sources */,
				818C55291AF6D44A00889F34 /* AppDelegate.swift in Sources */,
				818C552C1AF6D44A00889F34 /* OpenFlame.xcdatamodeld in Sources */,
			);
			runOnlyForDeploymentPostprocessing = 0;
		};
		818C55371AF6D44A00889F34 /* Sources */ = {
			isa = PBXSourcesBuildPhase;
			buildActionMask = 2147483647;
			files = (
				818C55421AF6D44A00889F34 /* OpenFlameTests.swift in Sources */,
			);
			runOnlyForDeploymentPostprocessing = 0;
		};
/* End PBXSourcesBuildPhase section */

/* Begin PBXTargetDependency section */
		818C553D1AF6D44A00889F34 /* PBXTargetDependency */ = {
			isa = PBXTargetDependency;
			target = 818C55221AF6D44A00889F34 /* OpenFlame */;
			targetProxy = 818C553C1AF6D44A00889F34 /* PBXContainerItemProxy */;
		};
/* End PBXTargetDependency section */

/* Begin PBXVariantGroup section */
		818C552F1AF6D44A00889F34 /* Main.storyboard */ = {
			isa = PBXVariantGroup;
			children = (
				818C55301AF6D44A00889F34 /* Base */,
			);
			name = Main.storyboard;
			sourceTree = "<group>";
		};
		818C55341AF6D44A00889F34 /* LaunchScreen.xib */ = {
			isa = PBXVariantGroup;
			children = (
				818C55351AF6D44A00889F34 /* Base */,
			);
			name = LaunchScreen.xib;
			sourceTree = "<group>";
		};
/* End PBXVariantGroup section */

/* Begin XCBuildConfiguration section */
		818C55431AF6D44A00889F34 /* Debug */ = {
			isa = XCBuildConfiguration;
			buildSettings = {
				ALWAYS_SEARCH_USER_PATHS = NO;
				CLANG_CXX_LANGUAGE_STANDARD = "gnu++0x";
				CLANG_CXX_LIBRARY = "libc++";
				CLANG_ENABLE_MODULES = YES;
				CLANG_ENABLE_OBJC_ARC = YES;
				CLANG_WARN_BOOL_CONVERSION = YES;
				CLANG_WARN_CONSTANT_CONVERSION = YES;
				CLANG_WARN_DIRECT_OBJC_ISA_USAGE = YES_ERROR;
				CLANG_WARN_EMPTY_BODY = YES;
				CLANG_WARN_ENUM_CONVERSION = YES;
				CLANG_WARN_INT_CONVERSION = YES;
				CLANG_WARN_OBJC_ROOT_CLASS = YES_ERROR;
				CLANG_WARN_UNREACHABLE_CODE = YES;
				CLANG_WARN__DUPLICATE_METHOD_MATCH = YES;
				"CODE_SIGN_IDENTITY[sdk=iphoneos*]" = "iPhone Developer";
				COPY_PHASE_STRIP = NO;
				DEBUG_INFORMATION_FORMAT = "dwarf-with-dsym";
				ENABLE_STRICT_OBJC_MSGSEND = YES;
				GCC_C_LANGUAGE_STANDARD = gnu99;
				GCC_DYNAMIC_NO_PIC = NO;
				GCC_NO_COMMON_BLOCKS = YES;
				GCC_OPTIMIZATION_LEVEL = 0;
				GCC_PREPROCESSOR_DEFINITIONS = (
					"DEBUG=1",
					"$(inherited)",
				);
				GCC_SYMBOLS_PRIVATE_EXTERN = NO;
				GCC_WARN_64_TO_32_BIT_CONVERSION = YES;
				GCC_WARN_ABOUT_RETURN_TYPE = YES_ERROR;
				GCC_WARN_UNDECLARED_SELECTOR = YES;
				GCC_WARN_UNINITIALIZED_AUTOS = YES_AGGRESSIVE;
				GCC_WARN_UNUSED_FUNCTION = YES;
				GCC_WARN_UNUSED_VARIABLE = YES;
				IPHONEOS_DEPLOYMENT_TARGET = 8.3;
				MTL_ENABLE_DEBUG_INFO = YES;
				ONLY_ACTIVE_ARCH = YES;
				SDKROOT = iphoneos;
				SWIFT_OPTIMIZATION_LEVEL = "-Onone";
				TARGETED_DEVICE_FAMILY = "1,2";
			};
			name = Debug;
		};
		818C55441AF6D44A00889F34 /* Release */ = {
			isa = XCBuildConfiguration;
			buildSettings = {
				ALWAYS_SEARCH_USER_PATHS = NO;
				CLANG_CXX_LANGUAGE_STANDARD = "gnu++0x";
				CLANG_CXX_LIBRARY = "libc++";
				CLANG_ENABLE_MODULES = YES;
				CLANG_ENABLE_OBJC_ARC = YES;
				CLANG_WARN_BOOL_CONVERSION = YES;
				CLANG_WARN_CONSTANT_CONVERSION = YES;
				CLANG_WARN_DIRECT_OBJC_ISA_USAGE = YES_ERROR;
				CLANG_WARN_EMPTY_BODY = YES;
				CLANG_WARN_ENUM_CONVERSION = YES;
				CLANG_WARN_INT_CONVERSION = YES;
				CLANG_WARN_OBJC_ROOT_CLASS = YES_ERROR;
				CLANG_WARN_UNREACHABLE_CODE = YES;
				CLANG_WARN__DUPLICATE_METHOD_MATCH = YES;
				"CODE_SIGN_IDENTITY[sdk=iphoneos*]" = "iPhone Developer";
				COPY_PHASE_STRIP = NO;
				DEBUG_INFORMATION_FORMAT = "dwarf-with-dsym";
				ENABLE_NS_ASSERTIONS = NO;
				ENABLE_STRICT_OBJC_MSGSEND = YES;
				GCC_C_LANGUAGE_STANDARD = gnu99;
				GCC_NO_COMMON_BLOCKS = YES;
				GCC_WARN_64_TO_32_BIT_CONVERSION = YES;
				GCC_WARN_ABOUT_RETURN_TYPE = YES_ERROR;
				GCC_WARN_UNDECLARED_SELECTOR = YES;
				GCC_WARN_UNINITIALIZED_AUTOS = YES_AGGRESSIVE;
				GCC_WARN_UNUSED_FUNCTION = YES;
				GCC_WARN_UNUSED_VARIABLE = YES;
				IPHONEOS_DEPLOYMENT_TARGET = 8.3;
				MTL_ENABLE_DEBUG_INFO = NO;
				SDKROOT = iphoneos;
				TARGETED_DEVICE_FAMILY = "1,2";
				VALIDATE_PRODUCT = YES;
			};
			name = Release;
		};
		818C55461AF6D44A00889F34 /* Debug */ = {
			isa = XCBuildConfiguration;
			buildSettings = {
				ASSETCATALOG_COMPILER_APPICON_NAME = AppIcon;
				INFOPLIST_FILE = OpenFlame/Info.plist;
				LD_RUNPATH_SEARCH_PATHS = "$(inherited) @executable_path/Frameworks";
				PRODUCT_NAME = "$(TARGET_NAME)";
			};
			name = Debug;
		};
		818C55471AF6D44A00889F34 /* Release */ = {
			isa = XCBuildConfiguration;
			buildSettings = {
				ASSETCATALOG_COMPILER_APPICON_NAME = AppIcon;
				INFOPLIST_FILE = OpenFlame/Info.plist;
				LD_RUNPATH_SEARCH_PATHS = "$(inherited) @executable_path/Frameworks";
				PRODUCT_NAME = "$(TARGET_NAME)";
			};
			name = Release;
		};
		818C55491AF6D44A00889F34 /* Debug */ = {
			isa = XCBuildConfiguration;
			buildSettings = {
				BUNDLE_LOADER = "$(TEST_HOST)";
				FRAMEWORK_SEARCH_PATHS = (
					"$(SDKROOT)/Developer/Library/Frameworks",
					"$(inherited)",
				);
				GCC_PREPROCESSOR_DEFINITIONS = (
					"DEBUG=1",
					"$(inherited)",
				);
				INFOPLIST_FILE = OpenFlameTests/Info.plist;
				LD_RUNPATH_SEARCH_PATHS = "$(inherited) @executable_path/Frameworks @loader_path/Frameworks";
				PRODUCT_NAME = "$(TARGET_NAME)";
				TEST_HOST = "$(BUILT_PRODUCTS_DIR)/OpenFlame.app/OpenFlame";
			};
			name = Debug;
		};
		818C554A1AF6D44A00889F34 /* Release */ = {
			isa = XCBuildConfiguration;
			buildSettings = {
				BUNDLE_LOADER = "$(TEST_HOST)";
				FRAMEWORK_SEARCH_PATHS = (
					"$(SDKROOT)/Developer/Library/Frameworks",
					"$(inherited)",
				);
				INFOPLIST_FILE = OpenFlameTests/Info.plist;
				LD_RUNPATH_SEARCH_PATHS = "$(inherited) @executable_path/Frameworks @loader_path/Frameworks";
				PRODUCT_NAME = "$(TARGET_NAME)";
				TEST_HOST = "$(BUILT_PRODUCTS_DIR)/OpenFlame.app/OpenFlame";
			};
			name = Release;
		};
/* End XCBuildConfiguration section */

/* Begin XCConfigurationList section */
		818C551E1AF6D44A00889F34 /* Build configuration list for PBXProject "OpenFlame" */ = {
			isa = XCConfigurationList;
			buildConfigurations = (
				818C55431AF6D44A00889F34 /* Debug */,
				818C55441AF6D44A00889F34 /* Release */,
			);
			defaultConfigurationIsVisible = 0;
			defaultConfigurationName = Release;
		};
		818C55451AF6D44A00889F34 /* Build configuration list for PBXNativeTarget "OpenFlame" */ = {
			isa = XCConfigurationList;
			buildConfigurations = (
				818C55461AF6D44A00889F34 /* Debug */,
				818C55471AF6D44A00889F34 /* Release */,
			);
			defaultConfigurationIsVisible = 0;
		};
		818C55481AF6D44A00889F34 /* Build configuration list for PBXNativeTarget "OpenFlameTests" */ = {
			isa = XCConfigurationList;
			buildConfigurations = (
				818C55491AF6D44A00889F34 /* Debug */,
				818C554A1AF6D44A00889F34 /* Release */,
			);
			defaultConfigurationIsVisible = 0;
		};
/* End XCConfigurationList section */

/* Begin XCVersionGroup section */
		818C552A1AF6D44A00889F34 /* OpenFlame.xcdatamodeld */ = {
			isa = XCVersionGroup;
			children = (
				818C552B1AF6D44A00889F34 /* OpenFlame.xcdatamodel */,
			);
			currentVersion = 818C552B1AF6D44A00889F34 /* OpenFlame.xcdatamodel */;
			path = OpenFlame.xcdatamodeld;
			sourceTree = "<group>";
			versionGroupType = wrapper.xcdatamodel;
		};
/* End XCVersionGroup section */
	};
	rootObject = 818C551B1AF6D44A00889F34 /* Project object */;
}
